{
  "version": 4,
  "terraform_version": "1.7.5",
  "serial": 1,
  "lineage": "2502a227-ce04-827e-5161-ec782af9a21d",
  "outputs": {},
  "resources": [
    {
      "mode": "managed",
      "type": "aws_key_pair",
      "name": "auth_key",
      "provider": "provider[\"registry.terraform.io/hashicorp/aws\"]",
      "instances": [
        {
          "schema_version": 1,
          "attributes": {
            "arn": "arn:aws:ec2:ap-south-1:188600337113:key-pair/zomato-production",
            "fingerprint": "67:41:33:3f:35:89:a8:00:72:e5:f0:e1:d6:49:ca:39",
            "id": "zomato-production",
            "key_name": "zomato-production",
            "key_name_prefix": "",
            "key_pair_id": "key-06ec16e6aed9ef4cc",
            "key_type": "rsa",
            "public_key": "ssh-rsa AAAAB3NzaC1yc2EAAAADAQABAAABgQDMCMYgz4vlESa8/UHYHBqHzkuJe6iOomU+bZHOhoGkXHwWOeACLIOUTmZ0sK467upfHcsMrmCm5ZXeBRhRTGsgLNReyiBEZ+J2KJ3X4CVNVG7TAcQBBktUwad/wT3T8CuJtqNTIaWBZ+gfrf3/BVY9h5MlIPfrzGf3UDfF5QYtrqV8LJIDfrb3lnv6iWbp8VQbHQHnroLuec4aLKbU6iXN8LDfyZNdT94DBDjx+JFo+xJAku0NyUJMl6GrWGLrYsbwuXw+2fDVvNYnTDp3n7hoUEWmCgdGsNjYAUvJCp9VVAH3Lq402VgdRuVDdTaGQdGTP+ZDMUeyr3Rw604ZM1rVbJfg83NxzQECWi8bN5Dq/LeTEtBeAI7ztrzpnKuZHH6c7TJc5gcpEkg51bDx2eTCzTMGir96IDztlN6UcTcIVpFKiGX1lx0ay7kQMo3FDgXIt4QMAGuzyZ475C4hf28od0iRODnG02C2bYKwZUogPEOIAEbZjdjHNAAgne3nqIs= ec2-user@ip-172-31-3-241.ap-south-1.compute.internal",
            "tags": {
              "Name": "zomato-production"
            },
            "tags_all": {
              "Name": "zomato-production"
            }
          },
          "sensitive_attributes": [],
          "private": "eyJzY2hlbWFfdmVyc2lvbiI6IjEifQ=="
        }
      ]
    }
  ],
  "check_results": null
}
