{
  "version": 4,
  "terraform_version": "1.7.5",
  "serial": 8,
  "lineage": "2502a227-ce04-827e-5161-ec782af9a21d",
  "outputs": {},
  "resources": [
    {
      "mode": "managed",
      "type": "aws_instance",
      "name": "frontend",
      "provider": "provider[\"registry.terraform.io/hashicorp/aws\"]",
      "instances": [
        {
          "schema_version": 1,
          "attributes": {
            "ami": "ami-013e83f579886baeb",
            "arn": "arn:aws:ec2:ap-south-1:188600337113:instance/i-0e1e10885685e15bf",
            "associate_public_ip_address": true,
            "availability_zone": "ap-south-1b",
            "capacity_reservation_specification": [
              {
                "capacity_reservation_preference": "open",
                "capacity_reservation_target": []
              }
            ],
            "cpu_core_count": 1,
            "cpu_options": [
              {
                "amd_sev_snp": "",
                "core_count": 1,
                "threads_per_core": 1
              }
            ],
            "cpu_threads_per_core": 1,
            "credit_specification": [
              {
                "cpu_credits": "standard"
              }
            ],
            "disable_api_stop": false,
            "disable_api_termination": false,
            "ebs_block_device": [],
            "ebs_optimized": false,
            "enclave_options": [
              {
                "enabled": false
              }
            ],
            "ephemeral_block_device": [],
            "get_password_data": false,
            "hibernation": false,
            "host_id": "",
            "host_resource_group_arn": null,
            "iam_instance_profile": "",
            "id": "i-0e1e10885685e15bf",
            "instance_initiated_shutdown_behavior": "stop",
            "instance_lifecycle": "",
            "instance_market_options": [],
            "instance_state": "running",
            "instance_type": "t2.micro",
            "ipv6_address_count": 0,
            "ipv6_addresses": [],
            "key_name": "zomato-production",
            "launch_template": [],
            "maintenance_options": [
              {
                "auto_recovery": "default"
              }
            ],
            "metadata_options": [
              {
                "http_endpoint": "enabled",
                "http_protocol_ipv6": "disabled",
                "http_put_response_hop_limit": 2,
                "http_tokens": "required",
                "instance_metadata_tags": "disabled"
              }
            ],
            "monitoring": false,
            "network_interface": [],
            "outpost_arn": "",
            "password_data": "",
            "placement_group": "",
            "placement_partition_number": 0,
            "primary_network_interface_id": "eni-087d9641d7b8aee9f",
            "private_dns": "ip-172-31-7-188.ap-south-1.compute.internal",
            "private_dns_name_options": [
              {
                "enable_resource_name_dns_a_record": false,
                "enable_resource_name_dns_aaaa_record": false,
                "hostname_type": "ip-name"
              }
            ],
            "private_ip": "172.31.7.188",
            "public_dns": "ec2-13-232-174-136.ap-south-1.compute.amazonaws.com",
            "public_ip": "13.232.174.136",
            "root_block_device": [
              {
                "delete_on_termination": true,
                "device_name": "/dev/xvda",
                "encrypted": false,
                "iops": 3000,
                "kms_key_id": "",
                "tags": {},
                "tags_all": {},
                "throughput": 125,
                "volume_id": "vol-064fe7c9ab137bd99",
                "volume_size": 8,
                "volume_type": "gp3"
              }
            ],
            "secondary_private_ips": [],
            "security_groups": [
              "zomato-production-frontend20240502191633529200000001"
            ],
            "source_dest_check": true,
            "spot_instance_request_id": "",
            "subnet_id": "subnet-01a0bceaa809e23de",
            "tags": {
              "Name": "zomato-production-frontend"
            },
            "tags_all": {
              "Name": "zomato-production-frontend"
            },
            "tenancy": "default",
            "timeouts": null,
            "user_data": null,
            "user_data_base64": null,
            "user_data_replace_on_change": false,
            "volume_tags": null,
            "vpc_security_group_ids": [
              "sg-0692db7494ba6db2b"
            ]
          },
          "sensitive_attributes": [],
          "private": "eyJlMmJmYjczMC1lY2FhLTExZTYtOGY4OC0zNDM2M2JjN2M0YzAiOnsiY3JlYXRlIjo2MDAwMDAwMDAwMDAsImRlbGV0ZSI6MTIwMDAwMDAwMDAwMCwicmVhZCI6OTAwMDAwMDAwMDAwLCJ1cGRhdGUiOjYwMDAwMDAwMDAwMH0sInNjaGVtYV92ZXJzaW9uIjoiMSJ9",
          "dependencies": [
            "aws_key_pair.auth_key",
            "aws_security_group.frontend_access"
          ]
        }
      ]
    },
    {
      "mode": "managed",
      "type": "aws_key_pair",
      "name": "auth_key",
      "provider": "provider[\"registry.terraform.io/hashicorp/aws\"]",
      "instances": [
        {
          "schema_version": 1,
          "attributes": {
            "arn": "arn:aws:ec2:ap-south-1:188600337113:key-pair/zomato-production",
            "fingerprint": "67:41:33:3f:35:89:a8:00:72:e5:f0:e1:d6:49:ca:39",
            "id": "zomato-production",
            "key_name": "zomato-production",
            "key_name_prefix": "",
            "key_pair_id": "key-06ec16e6aed9ef4cc",
            "key_type": "rsa",
            "public_key": "ssh-rsa AAAAB3NzaC1yc2EAAAADAQABAAABgQDMCMYgz4vlESa8/UHYHBqHzkuJe6iOomU+bZHOhoGkXHwWOeACLIOUTmZ0sK467upfHcsMrmCm5ZXeBRhRTGsgLNReyiBEZ+J2KJ3X4CVNVG7TAcQBBktUwad/wT3T8CuJtqNTIaWBZ+gfrf3/BVY9h5MlIPfrzGf3UDfF5QYtrqV8LJIDfrb3lnv6iWbp8VQbHQHnroLuec4aLKbU6iXN8LDfyZNdT94DBDjx+JFo+xJAku0NyUJMl6GrWGLrYsbwuXw+2fDVvNYnTDp3n7hoUEWmCgdGsNjYAUvJCp9VVAH3Lq402VgdRuVDdTaGQdGTP+ZDMUeyr3Rw604ZM1rVbJfg83NxzQECWi8bN5Dq/LeTEtBeAI7ztrzpnKuZHH6c7TJc5gcpEkg51bDx2eTCzTMGir96IDztlN6UcTcIVpFKiGX1lx0ay7kQMo3FDgXIt4QMAGuzyZ475C4hf28od0iRODnG02C2bYKwZUogPEOIAEbZjdjHNAAgne3nqIs= ec2-user@ip-172-31-3-241.ap-south-1.compute.internal",
            "tags": {
              "Name": "zomato-production"
            },
            "tags_all": {
              "Name": "zomato-production"
            }
          },
          "sensitive_attributes": [],
          "private": "eyJzY2hlbWFfdmVyc2lvbiI6IjEifQ=="
        }
      ]
    },
    {
      "mode": "managed",
      "type": "aws_security_group",
      "name": "frontend_access",
      "provider": "provider[\"registry.terraform.io/hashicorp/aws\"]",
      "instances": [
        {
          "schema_version": 1,
          "attributes": {
            "arn": "arn:aws:ec2:ap-south-1:188600337113:security-group/sg-0692db7494ba6db2b",
            "description": "zomato-production-frontend",
            "egress": [
              {
                "cidr_blocks": [
                  "0.0.0.0/0"
                ],
                "description": "",
                "from_port": 0,
                "ipv6_cidr_blocks": [
                  "::/0"
                ],
                "prefix_list_ids": [],
                "protocol": "-1",
                "security_groups": [],
                "self": false,
                "to_port": 0
              }
            ],
            "id": "sg-0692db7494ba6db2b",
            "ingress": [
              {
                "cidr_blocks": [
                  "0.0.0.0/0"
                ],
                "description": "",
                "from_port": 22,
                "ipv6_cidr_blocks": [
                  "::/0"
                ],
                "prefix_list_ids": [],
                "protocol": "tcp",
                "security_groups": [],
                "self": false,
                "to_port": 22
              },
              {
                "cidr_blocks": [
                  "0.0.0.0/0"
                ],
                "description": "",
                "from_port": 80,
                "ipv6_cidr_blocks": [
                  "::/0"
                ],
                "prefix_list_ids": [],
                "protocol": "tcp",
                "security_groups": [],
                "self": false,
                "to_port": 80
              }
            ],
            "name": "zomato-production-frontend20240502191633529200000001",
            "name_prefix": "zomato-production-frontend",
            "owner_id": "188600337113",
            "revoke_rules_on_delete": false,
            "tags": {
              "Name": "zomato-production-frontend"
            },
            "tags_all": {
              "Name": "zomato-production-frontend"
            },
            "timeouts": null,
            "vpc_id": "vpc-05f48fc586c2080b2"
          },
          "sensitive_attributes": [],
          "private": "eyJlMmJmYjczMC1lY2FhLTExZTYtOGY4OC0zNDM2M2JjN2M0YzAiOnsiY3JlYXRlIjo2MDAwMDAwMDAwMDAsImRlbGV0ZSI6OTAwMDAwMDAwMDAwfSwic2NoZW1hX3ZlcnNpb24iOiIxIn0="
        }
      ]
    }
  ],
  "check_results": null
}
